
Microsoft Visual Studio Solution File, Format Version 12.00
# Visual Studio Version 17
VisualStudioVersion = 17.14.36301.6
MinimumVisualStudioVersion = 10.0.40219.1
Project("{FAE04EC0-301F-11D3-BF4B-00C04F79EFBC}") = "Assignment 06 - OOP", "Assignment 06 - OOP\Assignment 06 - OOP.csproj", "{C4F41421-53B3-4515-B520-F923B18BE350}"
EndProject
Global
	GlobalSection(SolutionConfigurationPlatforms) = preSolution
		Debug|Any CPU = Debug|Any CPU
		Release|Any CPU = Release|Any CPU
	EndGlobalSection
	GlobalSection(ProjectConfigurationPlatforms) = postSolution
		{C4F41421-53B3-4515-B520-F923B18BE350}.Debug|Any CPU.ActiveCfg = Debug|Any CPU
		{C4F41421-53B3-4515-B520-F923B18BE350}.Debug|Any CPU.Build.0 = Debug|Any CPU
		{C4F41421-53B3-4515-B520-F923B18BE350}.Release|Any CPU.ActiveCfg = Release|Any CPU
		{C4F41421-53B3-4515-B520-F923B18BE350}.Release|Any CPU.Build.0 = Release|Any CPU
	EndGlobalSection
	GlobalSection(SolutionProperties) = preSolution
		HideSolutionNode = FALSE
	EndGlobalSection
	GlobalSection(ExtensibilityGlobals) = postSolution
		SolutionGuid = {8D9445EB-53ED-4605-8F0B-F6AF3F5C4A90}
	EndGlobalSection
EndGlobal
